
Microsoft Visual Studio Solution File, Format Version 12.00
# Visual Studio Version 17
VisualStudioVersion = 17.10.34928.147
MinimumVisualStudioVersion = 10.0.40219.1
Project("{FAE04EC0-301F-11D3-BF4B-00C04F79EFBC}") = "CapaPresentación", "CapaPresentación\CapaPresentación.csproj", "{D14ED84D-9D83-46DE-98D3-56E3411D1037}"
EndProject
Project("{FAE04EC0-301F-11D3-BF4B-00C04F79EFBC}") = "CapaNegocios", "CapaNegocios\CapaNegocios.csproj", "{1FF67575-9A4F-4D22-80AA-3E52666CA0BA}"
EndProject
Project("{FAE04EC0-301F-11D3-BF4B-00C04F79EFBC}") = "CapaDatos", "CapaDatos\CapaDatos.csproj", "{0D48F6FE-FE80-496F-BFA5-1A39C20E5FE8}"
EndProject
Project("{FAE04EC0-301F-11D3-BF4B-00C04F79EFBC}") = "CapaEntidades", "CapaEntidades\CapaEntidades.csproj", "{42A75A45-2EF2-48EA-8495-455B2EDC50A0}"
EndProject
Global
	GlobalSection(SolutionConfigurationPlatforms) = preSolution
		Debug|Any CPU = Debug|Any CPU
		Release|Any CPU = Release|Any CPU
	EndGlobalSection
	GlobalSection(ProjectConfigurationPlatforms) = postSolution
		{D14ED84D-9D83-46DE-98D3-56E3411D1037}.Debug|Any CPU.ActiveCfg = Debug|Any CPU
		{D14ED84D-9D83-46DE-98D3-56E3411D1037}.Debug|Any CPU.Build.0 = Debug|Any CPU
		{D14ED84D-9D83-46DE-98D3-56E3411D1037}.Release|Any CPU.ActiveCfg = Release|Any CPU
		{D14ED84D-9D83-46DE-98D3-56E3411D1037}.Release|Any CPU.Build.0 = Release|Any CPU
		{1FF67575-9A4F-4D22-80AA-3E52666CA0BA}.Debug|Any CPU.ActiveCfg = Debug|Any CPU
		{1FF67575-9A4F-4D22-80AA-3E52666CA0BA}.Debug|Any CPU.Build.0 = Debug|Any CPU
		{1FF67575-9A4F-4D22-80AA-3E52666CA0BA}.Release|Any CPU.ActiveCfg = Release|Any CPU
		{1FF67575-9A4F-4D22-80AA-3E52666CA0BA}.Release|Any CPU.Build.0 = Release|Any CPU
		{0D48F6FE-FE80-496F-BFA5-1A39C20E5FE8}.Debug|Any CPU.ActiveCfg = Debug|Any CPU
		{0D48F6FE-FE80-496F-BFA5-1A39C20E5FE8}.Debug|Any CPU.Build.0 = Debug|Any CPU
		{0D48F6FE-FE80-496F-BFA5-1A39C20E5FE8}.Release|Any CPU.ActiveCfg = Release|Any CPU
		{0D48F6FE-FE80-496F-BFA5-1A39C20E5FE8}.Release|Any CPU.Build.0 = Release|Any CPU
		{42A75A45-2EF2-48EA-8495-455B2EDC50A0}.Debug|Any CPU.ActiveCfg = Debug|Any CPU
		{42A75A45-2EF2-48EA-8495-455B2EDC50A0}.Debug|Any CPU.Build.0 = Debug|Any CPU
		{42A75A45-2EF2-48EA-8495-455B2EDC50A0}.Release|Any CPU.ActiveCfg = Release|Any CPU
		{42A75A45-2EF2-48EA-8495-455B2EDC50A0}.Release|Any CPU.Build.0 = Release|Any CPU
	EndGlobalSection
	GlobalSection(SolutionProperties) = preSolution
		HideSolutionNode = FALSE
	EndGlobalSection
	GlobalSection(ExtensibilityGlobals) = postSolution
		SolutionGuid = {CE438BBD-AF88-46B6-9B82-061AA59370FA}
	EndGlobalSection
EndGlobal
